// !$*UTF8*$!
{
	archiveVersion = 1;
	classes = {
	};
	objectVersion = 50;
	objects = {

/* Begin PBXBuildFile section */
		A8D6EE742476849A00DDF873 /* AppDelegate.swift in Sources */ = {isa = PBXBuildFile; fileRef = A8D6EE732476849A00DDF873 /* AppDelegate.swift */; };
		A8D6EE762476849A00DDF873 /* SceneDelegate.swift in Sources */ = {isa = PBXBuildFile; fileRef = A8D6EE752476849A00DDF873 /* SceneDelegate.swift */; };
		A8D6EE782476849A00DDF873 /* ViewController.swift in Sources */ = {isa = PBXBuildFile; fileRef = A8D6EE772476849A00DDF873 /* ViewController.swift */; };
		A8D6EE7B2476849A00DDF873 /* Main.storyboard in Resources */ = {isa = PBXBuildFile; fileRef = A8D6EE792476849A00DDF873 /* Main.storyboard */; };
		A8D6EE7D2476849F00DDF873 /* Assets.xcassets in Resources */ = {isa = PBXBuildFile; fileRef = A8D6EE7C2476849F00DDF873 /* Assets.xcassets */; };
		A8D6EE802476849F00DDF873 /* LaunchScreen.storyboard in Resources */ = {isa = PBXBuildFile; fileRef = A8D6EE7E2476849F00DDF873 /* LaunchScreen.storyboard */; };
		A8D6EE962476877800DDF873 /* TableViewCell.swift in Sources */ = {isa = PBXBuildFile; fileRef = A8D6EE952476877800DDF873 /* TableViewCell.swift */; };
		A8D6EE98247687DF00DDF873 /* DetailViewController.swift in Sources */ = {isa = PBXBuildFile; fileRef = A8D6EE97247687DF00DDF873 /* DetailViewController.swift */; };
		A8D6EE9A2476882C00DDF873 /* Model.swift in Sources */ = {isa = PBXBuildFile; fileRef = A8D6EE992476882C00DDF873 /* Model.swift */; };
		A8D6EE9C24768A2300DDF873 /* ManagerOfNote.swift in Sources */ = {isa = PBXBuildFile; fileRef = A8D6EE9B24768A2300DDF873 /* ManagerOfNote.swift */; };
/* End PBXBuildFile section */

/* Begin PBXContainerItemProxy section */
		A8D6EE872476849F00DDF873 /* PBXContainerItemProxy */ = {
			isa = PBXContainerItemProxy;
			containerPortal = A8D6EE682476849A00DDF873 /* Project object */;
			proxyType = 1;
			remoteGlobalIDString = A8D6EE6F2476849A00DDF873;
			remoteInfo = "Заметки";
		};
/* End PBXContainerItemProxy section */

/* Begin PBXFileReference section */
		A8D6EE702476849A00DDF873 /* Заметки.app */ = {isa = PBXFileReference; explicitFileType = wrapper.application; includeInIndex = 0; path = "Заметки.app"; sourceTree = BUILT_PRODUCTS_DIR; };
		A8D6EE732476849A00DDF873 /* AppDelegate.swift */ = {isa = PBXFileReference; lastKnownFileType = sourcecode.swift; path = AppDelegate.swift; sourceTree = "<group>"; };
		A8D6EE752476849A00DDF873 /* SceneDelegate.swift */ = {isa = PBXFileReference; lastKnownFileType = sourcecode.swift; path = SceneDelegate.swift; sourceTree = "<group>"; };
		A8D6EE772476849A00DDF873 /* ViewController.swift */ = {isa = PBXFileReference; lastKnownFileType = sourcecode.swift; path = ViewController.swift; sourceTree = "<group>"; };
		A8D6EE7A2476849A00DDF873 /* Base */ = {isa = PBXFileReference; lastKnownFileType = file.storyboard; name = Base; path = Base.lproj/Main.storyboard; sourceTree = "<group>"; };
		A8D6EE7C2476849F00DDF873 /* Assets.xcassets */ = {isa = PBXFileReference; lastKnownFileType = folder.assetcatalog; path = Assets.xcassets; sourceTree = "<group>"; };
		A8D6EE7F2476849F00DDF873 /* Base */ = {isa = PBXFileReference; lastKnownFileType = file.storyboard; name = Base; path = Base.lproj/LaunchScreen.storyboard; sourceTree = "<group>"; };
		A8D6EE812476849F00DDF873 /* Info.plist */ = {isa = PBXFileReference; lastKnownFileType = text.plist.xml; path = Info.plist; sourceTree = "<group>"; };
		A8D6EE862476849F00DDF873 /* ЗаметкиTests.xctest */ = {isa = PBXFileReference; explicitFileType = wrapper.cfbundle; includeInIndex = 0; path = "ЗаметкиTests.xctest"; sourceTree = BUILT_PRODUCTS_DIR; };
		A8D6EE952476877800DDF873 /* TableViewCell.swift */ = {isa = PBXFileReference; lastKnownFileType = sourcecode.swift; path = TableViewCell.swift; sourceTree = "<group>"; };
		A8D6EE97247687DF00DDF873 /* DetailViewController.swift */ = {isa = PBXFileReference; lastKnownFileType = sourcecode.swift; path = DetailViewController.swift; sourceTree = "<group>"; };
		A8D6EE992476882C00DDF873 /* Model.swift */ = {isa = PBXFileReference; lastKnownFileType = sourcecode.swift; path = Model.swift; sourceTree = "<group>"; };
		A8D6EE9B24768A2300DDF873 /* ManagerOfNote.swift */ = {isa = PBXFileReference; lastKnownFileType = sourcecode.swift; path = ManagerOfNote.swift; sourceTree = "<group>"; };
/* End PBXFileReference section */

/* Begin PBXFrameworksBuildPhase section */
		A8D6EE6D2476849A00DDF873 /* Frameworks */ = {
			isa = PBXFrameworksBuildPhase;
			buildActionMask = 2147483647;
			files = (
			);
			runOnlyForDeploymentPostprocessing = 0;
		};
		A8D6EE832476849F00DDF873 /* Frameworks */ = {
			isa = PBXFrameworksBuildPhase;
			buildActionMask = 2147483647;
			files = (
			);
			runOnlyForDeploymentPostprocessing = 0;
		};
/* End PBXFrameworksBuildPhase section */

/* Begin PBXGroup section */
		A8D6EE672476849A00DDF873 = {
			isa = PBXGroup;
			children = (
				A8D6EE722476849A00DDF873 /* Заметки */,
				A8D6EE712476849A00DDF873 /* Products */,
			);
			sourceTree = "<group>";
		};
		A8D6EE712476849A00DDF873 /* Products */ = {
			isa = PBXGroup;
			children = (
				A8D6EE702476849A00DDF873 /* Заметки.app */,
				A8D6EE862476849F00DDF873 /* ЗаметкиTests.xctest */,
			);
			name = Products;
			sourceTree = "<group>";
		};
		A8D6EE722476849A00DDF873 /* Заметки */ = {
			isa = PBXGroup;
			children = (
				A8D6EE732476849A00DDF873 /* AppDelegate.swift */,
				A8D6EE752476849A00DDF873 /* SceneDelegate.swift */,
				A8D6EE992476882C00DDF873 /* Model.swift */,
				A8D6EE9B24768A2300DDF873 /* ManagerOfNote.swift */,
				A8D6EE952476877800DDF873 /* TableViewCell.swift */,
				A8D6EE772476849A00DDF873 /* ViewController.swift */,
				A8D6EE97247687DF00DDF873 /* DetailViewController.swift */,
				A8D6EE792476849A00DDF873 /* Main.storyboard */,
				A8D6EE7C2476849F00DDF873 /* Assets.xcassets */,
				A8D6EE7E2476849F00DDF873 /* LaunchScreen.storyboard */,
				A8D6EE812476849F00DDF873 /* Info.plist */,
			);
			path = "Заметки";
			sourceTree = "<group>";
		};
/* End PBXGroup section */

/* Begin PBXNativeTarget section */
		A8D6EE6F2476849A00DDF873 /* Заметки */ = {
			isa = PBXNativeTarget;
			buildConfigurationList = A8D6EE8F2476849F00DDF873 /* Build configuration list for PBXNativeTarget "Заметки" */;
			buildPhases = (
				A8D6EE6C2476849A00DDF873 /* Sources */,
				A8D6EE6D2476849A00DDF873 /* Frameworks */,
				A8D6EE6E2476849A00DDF873 /* Resources */,
			);
			buildRules = (
			);
			dependencies = (
			);
			name = "Заметки";
			productName = "Заметки";
			productReference = A8D6EE702476849A00DDF873 /* Заметки.app */;
			productType = "com.apple.product-type.application";
		};
		A8D6EE852476849F00DDF873 /* ЗаметкиTests */ = {
			isa = PBXNativeTarget;
			buildConfigurationList = A8D6EE922476849F00DDF873 /* Build configuration list for PBXNativeTarget "ЗаметкиTests" */;
			buildPhases = (
				A8D6EE822476849F00DDF873 /* Sources */,
				A8D6EE832476849F00DDF873 /* Frameworks */,
				A8D6EE842476849F00DDF873 /* Resources */,
			);
			buildRules = (
			);
			dependencies = (
				A8D6EE882476849F00DDF873 /* PBXTargetDependency */,
			);
			name = "ЗаметкиTests";
			productName = "ЗаметкиTests";
			productReference = A8D6EE862476849F00DDF873 /* ЗаметкиTests.xctest */;
			productType = "com.apple.product-type.bundle.unit-test";
		};
/* End PBXNativeTarget section */

/* Begin PBXProject section */
		A8D6EE682476849A00DDF873 /* Project object */ = {
			isa = PBXProject;
			attributes = {
				LastSwiftUpdateCheck = 1140;
				LastUpgradeCheck = 1140;
				ORGANIZATIONNAME = "Alexandr Kulya";
				TargetAttributes = {
					A8D6EE6F2476849A00DDF873 = {
						CreatedOnToolsVersion = 11.4.1;
					};
					A8D6EE852476849F00DDF873 = {
						CreatedOnToolsVersion = 11.4.1;
						TestTargetID = A8D6EE6F2476849A00DDF873;
					};
				};
			};
			buildConfigurationList = A8D6EE6B2476849A00DDF873 /* Build configuration list for PBXProject "Заметки" */;
			compatibilityVersion = "Xcode 9.3";
			developmentRegion = en;
			hasScannedForEncodings = 0;
			knownRegions = (
				en,
				Base,
			);
			mainGroup = A8D6EE672476849A00DDF873;
			productRefGroup = A8D6EE712476849A00DDF873 /* Products */;
			projectDirPath = "";
			projectRoot = "";
			targets = (
				A8D6EE6F2476849A00DDF873 /* Заметки */,
				A8D6EE852476849F00DDF873 /* ЗаметкиTests */,
			);
		};
/* End PBXProject section */

/* Begin PBXResourcesBuildPhase section */
		A8D6EE6E2476849A00DDF873 /* Resources */ = {
			isa = PBXResourcesBuildPhase;
			buildActionMask = 2147483647;
			files = (
				A8D6EE802476849F00DDF873 /* LaunchScreen.storyboard in Resources */,
				A8D6EE7D2476849F00DDF873 /* Assets.xcassets in Resources */,
				A8D6EE7B2476849A00DDF873 /* Main.storyboard in Resources */,
			);
			runOnlyForDeploymentPostprocessing = 0;
		};
		A8D6EE842476849F00DDF873 /* Resources */ = {
			isa = PBXResourcesBuildPhase;
			buildActionMask = 2147483647;
			files = (
			);
			runOnlyForDeploymentPostprocessing = 0;
		};
/* End PBXResourcesBuildPhase section */

/* Begin PBXSourcesBuildPhase section */
		A8D6EE6C2476849A00DDF873 /* Sources */ = {
			isa = PBXSourcesBuildPhase;
			buildActionMask = 2147483647;
			files = (
				A8D6EE782476849A00DDF873 /* ViewController.swift in Sources */,
				A8D6EE962476877800DDF873 /* TableViewCell.swift in Sources */,
				A8D6EE98247687DF00DDF873 /* DetailViewController.swift in Sources */,
				A8D6EE9A2476882C00DDF873 /* Model.swift in Sources */,
				A8D6EE9C24768A2300DDF873 /* ManagerOfNote.swift in Sources */,
				A8D6EE742476849A00DDF873 /* AppDelegate.swift in Sources */,
				A8D6EE762476849A00DDF873 /* SceneDelegate.swift in Sources */,
			);
			runOnlyForDeploymentPostprocessing = 0;
		};
		A8D6EE822476849F00DDF873 /* Sources */ = {
			isa = PBXSourcesBuildPhase;
			buildActionMask = 2147483647;
			files = (
			);
			runOnlyForDeploymentPostprocessing = 0;
		};
/* End PBXSourcesBuildPhase section */

/* Begin PBXTargetDependency section */
		A8D6EE882476849F00DDF873 /* PBXTargetDependency */ = {
			isa = PBXTargetDependency;
			target = A8D6EE6F2476849A00DDF873 /* Заметки */;
			targetProxy = A8D6EE872476849F00DDF873 /* PBXContainerItemProxy */;
		};
/* End PBXTargetDependency section */

/* Begin PBXVariantGroup section */
		A8D6EE792476849A00DDF873 /* Main.storyboard */ = {
			isa = PBXVariantGroup;
			children = (
				A8D6EE7A2476849A00DDF873 /* Base */,
			);
			name = Main.storyboard;
			sourceTree = "<group>";
		};
		A8D6EE7E2476849F00DDF873 /* LaunchScreen.storyboard */ = {
			isa = PBXVariantGroup;
			children = (
				A8D6EE7F2476849F00DDF873 /* Base */,
			);
			name = LaunchScreen.storyboard;
			sourceTree = "<group>";
		};
/* End PBXVariantGroup section */

/* Begin XCBuildConfiguration section */
		A8D6EE8D2476849F00DDF873 /* Debug */ = {
			isa = XCBuildConfiguration;
			buildSettings = {
				ALWAYS_SEARCH_USER_PATHS = NO;
				CLANG_ANALYZER_NONNULL = YES;
				CLANG_ANALYZER_NUMBER_OBJECT_CONVERSION = YES_AGGRESSIVE;
				CLANG_CXX_LANGUAGE_STANDARD = "gnu++14";
				CLANG_CXX_LIBRARY = "libc++";
				CLANG_ENABLE_MODULES = YES;
				CLANG_ENABLE_OBJC_ARC = YES;
				CLANG_ENABLE_OBJC_WEAK = YES;
				CLANG_WARN_BLOCK_CAPTURE_AUTORELEASING = YES;
				CLANG_WARN_BOOL_CONVERSION = YES;
				CLANG_WARN_COMMA = YES;
				CLANG_WARN_CONSTANT_CONVERSION = YES;
				CLANG_WARN_DEPRECATED_OBJC_IMPLEMENTATIONS = YES;
				CLANG_WARN_DIRECT_OBJC_ISA_USAGE = YES_ERROR;
				CLANG_WARN_DOCUMENTATION_COMMENTS = YES;
				CLANG_WARN_EMPTY_BODY = YES;
				CLANG_WARN_ENUM_CONVERSION = YES;
				CLANG_WARN_INFINITE_RECURSION = YES;
				CLANG_WARN_INT_CONVERSION = YES;
				CLANG_WARN_NON_LITERAL_NULL_CONVERSION = YES;
				CLANG_WARN_OBJC_IMPLICIT_RETAIN_SELF = YES;
				CLANG_WARN_OBJC_LITERAL_CONVERSION = YES;
				CLANG_WARN_OBJC_ROOT_CLASS = YES_ERROR;
				CLANG_WARN_RANGE_LOOP_ANALYSIS = YES;
				CLANG_WARN_STRICT_PROTOTYPES = YES;
				CLANG_WARN_SUSPICIOUS_MOVE = YES;
				CLANG_WARN_UNGUARDED_AVAILABILITY = YES_AGGRESSIVE;
				CLANG_WARN_UNREACHABLE_CODE = YES;
				CLANG_WARN__DUPLICATE_METHOD_MATCH = YES;
				COPY_PHASE_STRIP = NO;
				DEBUG_INFORMATION_FORMAT = dwarf;
				ENABLE_STRICT_OBJC_MSGSEND = YES;
				ENABLE_TESTABILITY = YES;
				GCC_C_LANGUAGE_STANDARD = gnu11;
				GCC_DYNAMIC_NO_PIC = NO;
				GCC_NO_COMMON_BLOCKS = YES;
				GCC_OPTIMIZATION_LEVEL = 0;
				GCC_PREPROCESSOR_DEFINITIONS = (
					"DEBUG=1",
					"$(inherited)",
				);
				GCC_WARN_64_TO_32_BIT_CONVERSION = YES;
				GCC_WARN_ABOUT_RETURN_TYPE = YES_ERROR;
				GCC_WARN_UNDECLARED_SELECTOR = YES;
				GCC_WARN_UNINITIALIZED_AUTOS = YES_AGGRESSIVE;
				GCC_WARN_UNUSED_FUNCTION = YES;
				GCC_WARN_UNUSED_VARIABLE = YES;
				IPHONEOS_DEPLOYMENT_TARGET = 13.4;
				MTL_ENABLE_DEBUG_INFO = INCLUDE_SOURCE;
				MTL_FAST_MATH = YES;
				ONLY_ACTIVE_ARCH = YES;
				SDKROOT = iphoneos;
				SWIFT_ACTIVE_COMPILATION_CONDITIONS = DEBUG;
				SWIFT_OPTIMIZATION_LEVEL = "-Onone";
			};
			name = Debug;
		};
		A8D6EE8E2476849F00DDF873 /* Release */ = {
			isa = XCBuildConfiguration;
			buildSettings = {
				ALWAYS_SEARCH_USER_PATHS = NO;
				CLANG_ANALYZER_NONNULL = YES;
				CLANG_ANALYZER_NUMBER_OBJECT_CONVERSION = YES_AGGRESSIVE;
				CLANG_CXX_LANGUAGE_STANDARD = "gnu++14";
				CLANG_CXX_LIBRARY = "libc++";
				CLANG_ENABLE_MODULES = YES;
				CLANG_ENABLE_OBJC_ARC = YES;
				CLANG_ENABLE_OBJC_WEAK = YES;
				CLANG_WARN_BLOCK_CAPTURE_AUTORELEASING = YES;
				CLANG_WARN_BOOL_CONVERSION = YES;
				CLANG_WARN_COMMA = YES;
				CLANG_WARN_CONSTANT_CONVERSION = YES;
				CLANG_WARN_DEPRECATED_OBJC_IMPLEMENTATIONS = YES;
				CLANG_WARN_DIRECT_OBJC_ISA_USAGE = YES_ERROR;
				CLANG_WARN_DOCUMENTATION_COMMENTS = YES;
				CLANG_WARN_EMPTY_BODY = YES;
				CLANG_WARN_ENUM_CONVERSION = YES;
				CLANG_WARN_INFINITE_RECURSION = YES;
				CLANG_WARN_INT_CONVERSION = YES;
				CLANG_WARN_NON_LITERAL_NULL_CONVERSION = YES;
				CLANG_WARN_OBJC_IMPLICIT_RETAIN_SELF = YES;
				CLANG_WARN_OBJC_LITERAL_CONVERSION = YES;
				CLANG_WARN_OBJC_ROOT_CLASS = YES_ERROR;
				CLANG_WARN_RANGE_LOOP_ANALYSIS = YES;
				CLANG_WARN_STRICT_PROTOTYPES = YES;
				CLANG_WARN_SUSPICIOUS_MOVE = YES;
				CLANG_WARN_UNGUARDED_AVAILABILITY = YES_AGGRESSIVE;
				CLANG_WARN_UNREACHABLE_CODE = YES;
				CLANG_WARN__DUPLICATE_METHOD_MATCH = YES;
				COPY_PHASE_STRIP = NO;
				DEBUG_INFORMATION_FORMAT = "dwarf-with-dsym";
				ENABLE_NS_ASSERTIONS = NO;
				ENABLE_STRICT_OBJC_MSGSEND = YES;
				GCC_C_LANGUAGE_STANDARD = gnu11;
				GCC_NO_COMMON_BLOCKS = YES;
				GCC_WARN_64_TO_32_BIT_CONVERSION = YES;
				GCC_WARN_ABOUT_RETURN_TYPE = YES_ERROR;
				GCC_WARN_UNDECLARED_SELECTOR = YES;
				GCC_WARN_UNINITIALIZED_AUTOS = YES_AGGRESSIVE;
				GCC_WARN_UNUSED_FUNCTION = YES;
				GCC_WARN_UNUSED_VARIABLE = YES;
				IPHONEOS_DEPLOYMENT_TARGET = 13.4;
				MTL_ENABLE_DEBUG_INFO = NO;
				MTL_FAST_MATH = YES;
				SDKROOT = iphoneos;
				SWIFT_COMPILATION_MODE = wholemodule;
				SWIFT_OPTIMIZATION_LEVEL = "-O";
				VALIDATE_PRODUCT = YES;
			};
			name = Release;
		};
		A8D6EE902476849F00DDF873 /* Debug */ = {
			isa = XCBuildConfiguration;
			buildSettings = {
				ASSETCATALOG_COMPILER_APPICON_NAME = AppIcon;
				CODE_SIGN_STYLE = Automatic;
				DEVELOPMENT_TEAM = Y22SC73499;
				INFOPLIST_FILE = "Заметки/Info.plist";
				LD_RUNPATH_SEARCH_PATHS = (
					"$(inherited)",
					"@executable_path/Frameworks",
				);
				PRODUCT_BUNDLE_IDENTIFIER = "test.-------";
				PRODUCT_NAME = "$(TARGET_NAME)";
				SWIFT_VERSION = 5.0;
				TARGETED_DEVICE_FAMILY = "1,2";
			};
			name = Debug;
		};
		A8D6EE912476849F00DDF873 /* Release */ = {
			isa = XCBuildConfiguration;
			buildSettings = {
				ASSETCATALOG_COMPILER_APPICON_NAME = AppIcon;
				CODE_SIGN_STYLE = Automatic;
				DEVELOPMENT_TEAM = Y22SC73499;
				INFOPLIST_FILE = "Заметки/Info.plist";
				LD_RUNPATH_SEARCH_PATHS = (
					"$(inherited)",
					"@executable_path/Frameworks",
				);
				PRODUCT_BUNDLE_IDENTIFIER = "test.-------";
				PRODUCT_NAME = "$(TARGET_NAME)";
				SWIFT_VERSION = 5.0;
				TARGETED_DEVICE_FAMILY = "1,2";
			};
			name = Release;
		};
		A8D6EE932476849F00DDF873 /* Debug */ = {
			isa = XCBuildConfiguration;
			buildSettings = {
				ALWAYS_EMBED_SWIFT_STANDARD_LIBRARIES = YES;
				BUNDLE_LOADER = "$(TEST_HOST)";
				CODE_SIGN_STYLE = Automatic;
				DEVELOPMENT_TEAM = Y22SC73499;
				INFOPLIST_FILE = "ЗаметкиTests/Info.plist";
				IPHONEOS_DEPLOYMENT_TARGET = 13.4;
				LD_RUNPATH_SEARCH_PATHS = (
					"$(inherited)",
					"@executable_path/Frameworks",
					"@loader_path/Frameworks",
				);
				PRODUCT_BUNDLE_IDENTIFIER = "test.-------Tests";
				PRODUCT_NAME = "$(TARGET_NAME)";
				SWIFT_VERSION = 5.0;
				TARGETED_DEVICE_FAMILY = "1,2";
				TEST_HOST = "$(BUILT_PRODUCTS_DIR)/Заметки.app/Заметки";
			};
			name = Debug;
		};
		A8D6EE942476849F00DDF873 /* Release */ = {
			isa = XCBuildConfiguration;
			buildSettings = {
				ALWAYS_EMBED_SWIFT_STANDARD_LIBRARIES = YES;
				BUNDLE_LOADER = "$(TEST_HOST)";
				CODE_SIGN_STYLE = Automatic;
				DEVELOPMENT_TEAM = Y22SC73499;
				INFOPLIST_FILE = "ЗаметкиTests/Info.plist";
				IPHONEOS_DEPLOYMENT_TARGET = 13.4;
				LD_RUNPATH_SEARCH_PATHS = (
					"$(inherited)",
					"@executable_path/Frameworks",
					"@loader_path/Frameworks",
				);
				PRODUCT_BUNDLE_IDENTIFIER = "test.-------Tests";
				PRODUCT_NAME = "$(TARGET_NAME)";
				SWIFT_VERSION = 5.0;
				TARGETED_DEVICE_FAMILY = "1,2";
				TEST_HOST = "$(BUILT_PRODUCTS_DIR)/Заметки.app/Заметки";
			};
			name = Release;
		};
/* End XCBuildConfiguration section */

/* Begin XCConfigurationList section */
		A8D6EE6B2476849A00DDF873 /* Build configuration list for PBXProject "Заметки" */ = {
			isa = XCConfigurationList;
			buildConfigurations = (
				A8D6EE8D2476849F00DDF873 /* Debug */,
				A8D6EE8E2476849F00DDF873 /* Release */,
			);
			defaultConfigurationIsVisible = 0;
			defaultConfigurationName = Release;
		};
		A8D6EE8F2476849F00DDF873 /* Build configuration list for PBXNativeTarget "Заметки" */ = {
			isa = XCConfigurationList;
			buildConfigurations = (
				A8D6EE902476849F00DDF873 /* Debug */,
				A8D6EE912476849F00DDF873 /* Release */,
			);
			defaultConfigurationIsVisible = 0;
			defaultConfigurationName = Release;
		};
		A8D6EE922476849F00DDF873 /* Build configuration list for PBXNativeTarget "ЗаметкиTests" */ = {
			isa = XCConfigurationList;
			buildConfigurations = (
				A8D6EE932476849F00DDF873 /* Debug */,
				A8D6EE942476849F00DDF873 /* Release */,
			);
			defaultConfigurationIsVisible = 0;
			defaultConfigurationName = Release;
		};
/* End XCConfigurationList section */
	};
	rootObject = A8D6EE682476849A00DDF873 /* Project object */;
}
